
Microsoft Visual Studio Solution File, Format Version 12.00
# Visual Studio 15
VisualStudioVersion = 15.0.28010.2046
MinimumVisualStudioVersion = 10.0.40219.1
Project("{FAE04EC0-301F-11D3-BF4B-00C04F79EFBC}") = "Test5", "Test5\Test5.csproj", "{6DD68689-7042-4A54-B066-DAD0FEE68089}"
EndProject
Global
	GlobalSection(SolutionConfigurationPlatforms) = preSolution
		Debug|Any CPU = Debug|Any CPU
		Release|Any CPU = Release|Any CPU
	EndGlobalSection
	GlobalSection(ProjectConfigurationPlatforms) = postSolution
		{6DD68689-7042-4A54-B066-DAD0FEE68089}.Debug|Any CPU.ActiveCfg = Debug|Any CPU
		{6DD68689-7042-4A54-B066-DAD0FEE68089}.Debug|Any CPU.Build.0 = Debug|Any CPU
		{6DD68689-7042-4A54-B066-DAD0FEE68089}.Release|Any CPU.ActiveCfg = Release|Any CPU
		{6DD68689-7042-4A54-B066-DAD0FEE68089}.Release|Any CPU.Build.0 = Release|Any CPU
	EndGlobalSection
	GlobalSection(SolutionProperties) = preSolution
		HideSolutionNode = FALSE
	EndGlobalSection
	GlobalSection(ExtensibilityGlobals) = postSolution
		SolutionGuid = {EDB3D227-1791-40EE-B230-96255CFF5369}
	EndGlobalSection
EndGlobal
